
Microsoft Visual Studio Solution File, Format Version 12.00
# Visual Studio Version 17
VisualStudioVersion = 17.5.33516.290
MinimumVisualStudioVersion = 10.0.40219.1
Project("{FAE04EC0-301F-11D3-BF4B-00C04F79EFBC}") = "citasmedicas.Android", "citasmedicas.Android\citasmedicas.Android.csproj", "{0690A29C-105F-4D4F-83D5-E709B167492A}"
	ProjectSection(ProjectDependencies) = postProject
		{091C97B9-9EAA-46A0-BC29-658C82D1A0D6} = {091C97B9-9EAA-46A0-BC29-658C82D1A0D6}
	EndProjectSection
EndProject
Project("{FAE04EC0-301F-11D3-BF4B-00C04F79EFBC}") = "citasmedicas.iOS", "citasmedicas.iOS\citasmedicas.iOS.csproj", "{091C97B9-9EAA-46A0-BC29-658C82D1A0D6}"
EndProject
Project("{9A19103F-16F7-4668-BE54-9A1E7A4F7556}") = "citasmedicas", "citasmedicas\citasmedicas.csproj", "{0C43B60C-8303-46D6-91E1-25B11F3383F6}"
EndProject
Global
	GlobalSection(SolutionConfigurationPlatforms) = preSolution
		Debug|Any CPU = Debug|Any CPU
		Debug|iPhone = Debug|iPhone
		Debug|iPhoneSimulator = Debug|iPhoneSimulator
		Release|Any CPU = Release|Any CPU
		Release|iPhone = Release|iPhone
		Release|iPhoneSimulator = Release|iPhoneSimulator
	EndGlobalSection
	GlobalSection(ProjectConfigurationPlatforms) = postSolution
		{0690A29C-105F-4D4F-83D5-E709B167492A}.Debug|Any CPU.ActiveCfg = Debug|Any CPU
		{0690A29C-105F-4D4F-83D5-E709B167492A}.Debug|Any CPU.Build.0 = Debug|Any CPU
		{0690A29C-105F-4D4F-83D5-E709B167492A}.Debug|Any CPU.Deploy.0 = Debug|Any CPU
		{0690A29C-105F-4D4F-83D5-E709B167492A}.Debug|iPhone.ActiveCfg = Debug|Any CPU
		{0690A29C-105F-4D4F-83D5-E709B167492A}.Debug|iPhone.Build.0 = Debug|Any CPU
		{0690A29C-105F-4D4F-83D5-E709B167492A}.Debug|iPhone.Deploy.0 = Debug|Any CPU
		{0690A29C-105F-4D4F-83D5-E709B167492A}.Debug|iPhoneSimulator.ActiveCfg = Debug|Any CPU
		{0690A29C-105F-4D4F-83D5-E709B167492A}.Debug|iPhoneSimulator.Build.0 = Debug|Any CPU
		{0690A29C-105F-4D4F-83D5-E709B167492A}.Debug|iPhoneSimulator.Deploy.0 = Debug|Any CPU
		{0690A29C-105F-4D4F-83D5-E709B167492A}.Release|Any CPU.ActiveCfg = Release|Any CPU
		{0690A29C-105F-4D4F-83D5-E709B167492A}.Release|Any CPU.Build.0 = Release|Any CPU
		{0690A29C-105F-4D4F-83D5-E709B167492A}.Release|Any CPU.Deploy.0 = Release|Any CPU
		{0690A29C-105F-4D4F-83D5-E709B167492A}.Release|iPhone.ActiveCfg = Release|Any CPU
		{0690A29C-105F-4D4F-83D5-E709B167492A}.Release|iPhone.Build.0 = Release|Any CPU
		{0690A29C-105F-4D4F-83D5-E709B167492A}.Release|iPhone.Deploy.0 = Release|Any CPU
		{0690A29C-105F-4D4F-83D5-E709B167492A}.Release|iPhoneSimulator.ActiveCfg = Release|Any CPU
		{0690A29C-105F-4D4F-83D5-E709B167492A}.Release|iPhoneSimulator.Build.0 = Release|Any CPU
		{0690A29C-105F-4D4F-83D5-E709B167492A}.Release|iPhoneSimulator.Deploy.0 = Release|Any CPU
		{091C97B9-9EAA-46A0-BC29-658C82D1A0D6}.Debug|Any CPU.ActiveCfg = Debug|iPhone
		{091C97B9-9EAA-46A0-BC29-658C82D1A0D6}.Debug|Any CPU.Build.0 = Debug|iPhone
		{091C97B9-9EAA-46A0-BC29-658C82D1A0D6}.Debug|Any CPU.Deploy.0 = Debug|iPhone
		{091C97B9-9EAA-46A0-BC29-658C82D1A0D6}.Debug|iPhone.ActiveCfg = Debug|iPhone
		{091C97B9-9EAA-46A0-BC29-658C82D1A0D6}.Debug|iPhone.Build.0 = Debug|iPhone
		{091C97B9-9EAA-46A0-BC29-658C82D1A0D6}.Debug|iPhone.Deploy.0 = Debug|iPhone
		{091C97B9-9EAA-46A0-BC29-658C82D1A0D6}.Debug|iPhoneSimulator.ActiveCfg = Debug|iPhoneSimulator
		{091C97B9-9EAA-46A0-BC29-658C82D1A0D6}.Debug|iPhoneSimulator.Build.0 = Debug|iPhoneSimulator
		{091C97B9-9EAA-46A0-BC29-658C82D1A0D6}.Debug|iPhoneSimulator.Deploy.0 = Debug|iPhoneSimulator
		{091C97B9-9EAA-46A0-BC29-658C82D1A0D6}.Release|Any CPU.ActiveCfg = Release|iPhoneSimulator
		{091C97B9-9EAA-46A0-BC29-658C82D1A0D6}.Release|Any CPU.Build.0 = Release|iPhoneSimulator
		{091C97B9-9EAA-46A0-BC29-658C82D1A0D6}.Release|Any CPU.Deploy.0 = Release|iPhoneSimulator
		{091C97B9-9EAA-46A0-BC29-658C82D1A0D6}.Release|iPhone.ActiveCfg = Release|iPhone
		{091C97B9-9EAA-46A0-BC29-658C82D1A0D6}.Release|iPhone.Build.0 = Release|iPhone
		{091C97B9-9EAA-46A0-BC29-658C82D1A0D6}.Release|iPhone.Deploy.0 = Release|iPhone
		{091C97B9-9EAA-46A0-BC29-658C82D1A0D6}.Release|iPhoneSimulator.ActiveCfg = Release|iPhoneSimulator
		{091C97B9-9EAA-46A0-BC29-658C82D1A0D6}.Release|iPhoneSimulator.Build.0 = Release|iPhoneSimulator
		{091C97B9-9EAA-46A0-BC29-658C82D1A0D6}.Release|iPhoneSimulator.Deploy.0 = Release|iPhoneSimulator
		{0C43B60C-8303-46D6-91E1-25B11F3383F6}.Debug|Any CPU.ActiveCfg = Debug|Any CPU
		{0C43B60C-8303-46D6-91E1-25B11F3383F6}.Debug|Any CPU.Build.0 = Debug|Any CPU
		{0C43B60C-8303-46D6-91E1-25B11F3383F6}.Debug|Any CPU.Deploy.0 = Debug|Any CPU
		{0C43B60C-8303-46D6-91E1-25B11F3383F6}.Debug|iPhone.ActiveCfg = Debug|Any CPU
		{0C43B60C-8303-46D6-91E1-25B11F3383F6}.Debug|iPhone.Build.0 = Debug|Any CPU
		{0C43B60C-8303-46D6-91E1-25B11F3383F6}.Debug|iPhone.Deploy.0 = Debug|Any CPU
		{0C43B60C-8303-46D6-91E1-25B11F3383F6}.Debug|iPhoneSimulator.ActiveCfg = Debug|Any CPU
		{0C43B60C-8303-46D6-91E1-25B11F3383F6}.Debug|iPhoneSimulator.Build.0 = Debug|Any CPU
		{0C43B60C-8303-46D6-91E1-25B11F3383F6}.Debug|iPhoneSimulator.Deploy.0 = Debug|Any CPU
		{0C43B60C-8303-46D6-91E1-25B11F3383F6}.Release|Any CPU.ActiveCfg = Release|Any CPU
		{0C43B60C-8303-46D6-91E1-25B11F3383F6}.Release|Any CPU.Build.0 = Release|Any CPU
		{0C43B60C-8303-46D6-91E1-25B11F3383F6}.Release|Any CPU.Deploy.0 = Release|Any CPU
		{0C43B60C-8303-46D6-91E1-25B11F3383F6}.Release|iPhone.ActiveCfg = Release|Any CPU
		{0C43B60C-8303-46D6-91E1-25B11F3383F6}.Release|iPhone.Build.0 = Release|Any CPU
		{0C43B60C-8303-46D6-91E1-25B11F3383F6}.Release|iPhone.Deploy.0 = Release|Any CPU
		{0C43B60C-8303-46D6-91E1-25B11F3383F6}.Release|iPhoneSimulator.ActiveCfg = Release|Any CPU
		{0C43B60C-8303-46D6-91E1-25B11F3383F6}.Release|iPhoneSimulator.Build.0 = Release|Any CPU
		{0C43B60C-8303-46D6-91E1-25B11F3383F6}.Release|iPhoneSimulator.Deploy.0 = Release|Any CPU
	EndGlobalSection
	GlobalSection(SolutionProperties) = preSolution
		HideSolutionNode = FALSE
	EndGlobalSection
	GlobalSection(ExtensibilityGlobals) = postSolution
		SolutionGuid = {0380630E-9A08-4996-A54D-FCC8F1A9E7B2}
	EndGlobalSection
EndGlobal
